
Microsoft Visual Studio Solution File, Format Version 12.00
# Visual Studio 15
VisualStudioVersion = 15.0.28307.852
MinimumVisualStudioVersion = 10.0.40219.1
Project("{FAE04EC0-301F-11D3-BF4B-00C04F79EFBC}") = "SampleBank", "SampleBank\SampleBank.csproj", "{9E86DAC9-340F-4DFD-90C7-FF7A8469FBA9}"
EndProject
Project("{FAE04EC0-301F-11D3-BF4B-00C04F79EFBC}") = "SampleBank.Tests", "SampleBank.Tests\SampleBank.Tests.csproj", "{C8BD41F8-C317-440A-AF79-DA111429F813}"
EndProject
Global
	GlobalSection(SolutionConfigurationPlatforms) = preSolution
		Debug|Any CPU = Debug|Any CPU
		Release|Any CPU = Release|Any CPU
	EndGlobalSection
	GlobalSection(ProjectConfigurationPlatforms) = postSolution
		{9E86DAC9-340F-4DFD-90C7-FF7A8469FBA9}.Debug|Any CPU.ActiveCfg = Debug|Any CPU
		{9E86DAC9-340F-4DFD-90C7-FF7A8469FBA9}.Debug|Any CPU.Build.0 = Debug|Any CPU
		{9E86DAC9-340F-4DFD-90C7-FF7A8469FBA9}.Release|Any CPU.ActiveCfg = Release|Any CPU
		{9E86DAC9-340F-4DFD-90C7-FF7A8469FBA9}.Release|Any CPU.Build.0 = Release|Any CPU
		{C8BD41F8-C317-440A-AF79-DA111429F813}.Debug|Any CPU.ActiveCfg = Debug|Any CPU
		{C8BD41F8-C317-440A-AF79-DA111429F813}.Debug|Any CPU.Build.0 = Debug|Any CPU
		{C8BD41F8-C317-440A-AF79-DA111429F813}.Release|Any CPU.ActiveCfg = Release|Any CPU
		{C8BD41F8-C317-440A-AF79-DA111429F813}.Release|Any CPU.Build.0 = Release|Any CPU
	EndGlobalSection
	GlobalSection(SolutionProperties) = preSolution
		HideSolutionNode = FALSE
	EndGlobalSection
	GlobalSection(ExtensibilityGlobals) = postSolution
		SolutionGuid = {A9F0401A-F48A-4EF9-B52D-53FF08912E36}
	EndGlobalSection
EndGlobal
